
Microsoft Visual Studio Solution File, Format Version 12.00
Project("{2150E333-8FDC-42A3-9474-1A3956D46DE8}") = "src", "src", "{6E8539FE-DD5F-4B1D-920E-504178A2B8F2}"
EndProject
Project("{2150E333-8FDC-42A3-9474-1A3956D46DE8}") = "API", "API", "{371D3044-31E1-41E9-B99C-86323509E7C1}"
EndProject
Project("{2150E333-8FDC-42A3-9474-1A3956D46DE8}") = "Core", "Core", "{E552AC6D-5DDD-47B1-ABEC-01AF734051B4}"
EndProject
Project("{2150E333-8FDC-42A3-9474-1A3956D46DE8}") = "Infrastructure", "Infrastructure", "{A9BD17CF-D94C-41BB-9EAB-F5E44FFB40C6}"
EndProject
Project("{2150E333-8FDC-42A3-9474-1A3956D46DE8}") = "UI", "UI", "{7B36D255-4868-4E50-B9DD-FFC63FE53878}"
EndProject
Project("{2150E333-8FDC-42A3-9474-1A3956D46DE8}") = "test", "test", "{AB2B3F1B-E5D7-4888-B8CC-49C9BBA7684D}"
EndProject
Global
	GlobalSection(SolutionConfigurationPlatforms) = preSolution
		Debug|Any CPU = Debug|Any CPU
		Release|Any CPU = Release|Any CPU
	EndGlobalSection
	GlobalSection(NestedProjects) = preSolution
		{371D3044-31E1-41E9-B99C-86323509E7C1} = {6E8539FE-DD5F-4B1D-920E-504178A2B8F2}
		{E552AC6D-5DDD-47B1-ABEC-01AF734051B4} = {6E8539FE-DD5F-4B1D-920E-504178A2B8F2}
		{A9BD17CF-D94C-41BB-9EAB-F5E44FFB40C6} = {6E8539FE-DD5F-4B1D-920E-504178A2B8F2}
		{7B36D255-4868-4E50-B9DD-FFC63FE53878} = {6E8539FE-DD5F-4B1D-920E-504178A2B8F2}
		{AB2B3F1B-E5D7-4888-B8CC-49C9BBA7684D} = {6E8539FE-DD5F-4B1D-920E-504178A2B8F2}
	EndGlobalSection
EndGlobal
